
Microsoft Visual Studio Solution File, Format Version 12.00
# Visual Studio Version 17
VisualStudioVersion = 17.1.32210.238
MinimumVisualStudioVersion = 10.0.40219.1
Project("{FAE04EC0-301F-11D3-BF4B-00C04F79EFBC}") = "Rubrica.Presentation", "Rubrica\Rubrica.Presentation.csproj", "{A9073CA1-C962-43BF-8034-468F70E49D95}"
EndProject
Project("{FAE04EC0-301F-11D3-BF4B-00C04F79EFBC}") = "Week8_Rubrica.Core", "Week8_Rubrica.Core\Week8_Rubrica.Core.csproj", "{F5CB22A2-7C49-4C99-9B31-A787F2FEC8DC}"
EndProject
Project("{FAE04EC0-301F-11D3-BF4B-00C04F79EFBC}") = "Week8_Rubrica.RepositoryMock", "Week8_Rubrica.RepositoryMock\Week8_Rubrica.RepositoryMock.csproj", "{1DFA5266-24B6-4991-B886-2699ACC86718}"
EndProject
Global
	GlobalSection(SolutionConfigurationPlatforms) = preSolution
		Debug|Any CPU = Debug|Any CPU
		Release|Any CPU = Release|Any CPU
	EndGlobalSection
	GlobalSection(ProjectConfigurationPlatforms) = postSolution
		{A9073CA1-C962-43BF-8034-468F70E49D95}.Debug|Any CPU.ActiveCfg = Debug|Any CPU
		{A9073CA1-C962-43BF-8034-468F70E49D95}.Debug|Any CPU.Build.0 = Debug|Any CPU
		{A9073CA1-C962-43BF-8034-468F70E49D95}.Release|Any CPU.ActiveCfg = Release|Any CPU
		{A9073CA1-C962-43BF-8034-468F70E49D95}.Release|Any CPU.Build.0 = Release|Any CPU
		{F5CB22A2-7C49-4C99-9B31-A787F2FEC8DC}.Debug|Any CPU.ActiveCfg = Debug|Any CPU
		{F5CB22A2-7C49-4C99-9B31-A787F2FEC8DC}.Debug|Any CPU.Build.0 = Debug|Any CPU
		{F5CB22A2-7C49-4C99-9B31-A787F2FEC8DC}.Release|Any CPU.ActiveCfg = Release|Any CPU
		{F5CB22A2-7C49-4C99-9B31-A787F2FEC8DC}.Release|Any CPU.Build.0 = Release|Any CPU
		{1DFA5266-24B6-4991-B886-2699ACC86718}.Debug|Any CPU.ActiveCfg = Debug|Any CPU
		{1DFA5266-24B6-4991-B886-2699ACC86718}.Debug|Any CPU.Build.0 = Debug|Any CPU
		{1DFA5266-24B6-4991-B886-2699ACC86718}.Release|Any CPU.ActiveCfg = Release|Any CPU
		{1DFA5266-24B6-4991-B886-2699ACC86718}.Release|Any CPU.Build.0 = Release|Any CPU
	EndGlobalSection
	GlobalSection(SolutionProperties) = preSolution
		HideSolutionNode = FALSE
	EndGlobalSection
	GlobalSection(ExtensibilityGlobals) = postSolution
		SolutionGuid = {5D357CB9-9430-4858-8270-9E969388AB7E}
	EndGlobalSection
EndGlobal
